// !$*UTF8*$!
{
	archiveVersion = 1;
	classes = {
	};
	objectVersion = 50;
	objects = {

/* Begin PBXBuildFile section */
		0E8AE28E6868002ED1A27316 /* Pods_CGPracticeApp.framework in Frameworks */ = {isa = PBXBuildFile; fileRef = 1330F84D3FE3886ACBCF80A9 /* Pods_CGPracticeApp.framework */; };
		48E87FCD28293E3700527FAF /* AppDelegate.swift in Sources */ = {isa = PBXBuildFile; fileRef = 48E87FCC28293E3700527FAF /* AppDelegate.swift */; };
		48E87FCF28293E3700527FAF /* SceneDelegate.swift in Sources */ = {isa = PBXBuildFile; fileRef = 48E87FCE28293E3700527FAF /* SceneDelegate.swift */; };
		48E87FD128293E3700527FAF /* ViewController.swift in Sources */ = {isa = PBXBuildFile; fileRef = 48E87FD028293E3700527FAF /* ViewController.swift */; };
		48E87FD428293E3700527FAF /* Main.storyboard in Resources */ = {isa = PBXBuildFile; fileRef = 48E87FD228293E3700527FAF /* Main.storyboard */; };
		48E87FD628293E4000527FAF /* Assets.xcassets in Resources */ = {isa = PBXBuildFile; fileRef = 48E87FD528293E4000527FAF /* Assets.xcassets */; };
		48E87FD928293E4000527FAF /* LaunchScreen.storyboard in Resources */ = {isa = PBXBuildFile; fileRef = 48E87FD728293E4000527FAF /* LaunchScreen.storyboard */; };
		48E87FE328293E8C00527FAF /* CustomView.swift in Sources */ = {isa = PBXBuildFile; fileRef = 48E87FE228293E8C00527FAF /* CustomView.swift */; };
/* End PBXBuildFile section */

/* Begin PBXFileReference section */
		1330F84D3FE3886ACBCF80A9 /* Pods_CGPracticeApp.framework */ = {isa = PBXFileReference; explicitFileType = wrapper.framework; includeInIndex = 0; path = Pods_CGPracticeApp.framework; sourceTree = BUILT_PRODUCTS_DIR; };
		48E87FC928293E3700527FAF /* CGPracticeApp.app */ = {isa = PBXFileReference; explicitFileType = wrapper.application; includeInIndex = 0; path = CGPracticeApp.app; sourceTree = BUILT_PRODUCTS_DIR; };
		48E87FCC28293E3700527FAF /* AppDelegate.swift */ = {isa = PBXFileReference; lastKnownFileType = sourcecode.swift; path = AppDelegate.swift; sourceTree = "<group>"; };
		48E87FCE28293E3700527FAF /* SceneDelegate.swift */ = {isa = PBXFileReference; lastKnownFileType = sourcecode.swift; path = SceneDelegate.swift; sourceTree = "<group>"; };
		48E87FD028293E3700527FAF /* ViewController.swift */ = {isa = PBXFileReference; lastKnownFileType = sourcecode.swift; path = ViewController.swift; sourceTree = "<group>"; };
		48E87FD328293E3700527FAF /* Base */ = {isa = PBXFileReference; lastKnownFileType = file.storyboard; name = Base; path = Base.lproj/Main.storyboard; sourceTree = "<group>"; };
		48E87FD528293E4000527FAF /* Assets.xcassets */ = {isa = PBXFileReference; lastKnownFileType = folder.assetcatalog; path = Assets.xcassets; sourceTree = "<group>"; };
		48E87FD828293E4000527FAF /* Base */ = {isa = PBXFileReference; lastKnownFileType = file.storyboard; name = Base; path = Base.lproj/LaunchScreen.storyboard; sourceTree = "<group>"; };
		48E87FDA28293E4000527FAF /* Info.plist */ = {isa = PBXFileReference; lastKnownFileType = text.plist.xml; path = Info.plist; sourceTree = "<group>"; };
		48E87FE228293E8C00527FAF /* CustomView.swift */ = {isa = PBXFileReference; lastKnownFileType = sourcecode.swift; path = CustomView.swift; sourceTree = "<group>"; };
		8519CFCBA3119CA8FA8C1273 /* Pods-CGPracticeApp.debug.xcconfig */ = {isa = PBXFileReference; includeInIndex = 1; lastKnownFileType = text.xcconfig; name = "Pods-CGPracticeApp.debug.xcconfig"; path = "Target Support Files/Pods-CGPracticeApp/Pods-CGPracticeApp.debug.xcconfig"; sourceTree = "<group>"; };
		BD88AF79ECBEDEC6D51EFF70 /* Pods-CGPracticeApp.release.xcconfig */ = {isa = PBXFileReference; includeInIndex = 1; lastKnownFileType = text.xcconfig; name = "Pods-CGPracticeApp.release.xcconfig"; path = "Target Support Files/Pods-CGPracticeApp/Pods-CGPracticeApp.release.xcconfig"; sourceTree = "<group>"; };
/* End PBXFileReference section */

/* Begin PBXFrameworksBuildPhase section */
		48E87FC628293E3700527FAF /* Frameworks */ = {
			isa = PBXFrameworksBuildPhase;
			buildActionMask = 2147483647;
			files = (
				0E8AE28E6868002ED1A27316 /* Pods_CGPracticeApp.framework in Frameworks */,
			);
			runOnlyForDeploymentPostprocessing = 0;
		};
/* End PBXFrameworksBuildPhase section */

/* Begin PBXGroup section */
		1B4F0219C006964082C63887 /* Pods */ = {
			isa = PBXGroup;
			children = (
				8519CFCBA3119CA8FA8C1273 /* Pods-CGPracticeApp.debug.xcconfig */,
				BD88AF79ECBEDEC6D51EFF70 /* Pods-CGPracticeApp.release.xcconfig */,
			);
			name = Pods;
			path = Pods;
			sourceTree = "<group>";
		};
		4270F86ADDD539CD9425C884 /* Frameworks */ = {
			isa = PBXGroup;
			children = (
				1330F84D3FE3886ACBCF80A9 /* Pods_CGPracticeApp.framework */,
			);
			name = Frameworks;
			sourceTree = "<group>";
		};
		48E87FC028293E3700527FAF = {
			isa = PBXGroup;
			children = (
				48E87FCB28293E3700527FAF /* CGPracticeApp */,
				48E87FCA28293E3700527FAF /* Products */,
				1B4F0219C006964082C63887 /* Pods */,
				4270F86ADDD539CD9425C884 /* Frameworks */,
			);
			sourceTree = "<group>";
		};
		48E87FCA28293E3700527FAF /* Products */ = {
			isa = PBXGroup;
			children = (
				48E87FC928293E3700527FAF /* CGPracticeApp.app */,
			);
			name = Products;
			sourceTree = "<group>";
		};
		48E87FCB28293E3700527FAF /* CGPracticeApp */ = {
			isa = PBXGroup;
			children = (
				48E87FE128293E5A00527FAF /* CustomView */,
				48E87FCC28293E3700527FAF /* AppDelegate.swift */,
				48E87FCE28293E3700527FAF /* SceneDelegate.swift */,
				48E87FD028293E3700527FAF /* ViewController.swift */,
				48E87FD228293E3700527FAF /* Main.storyboard */,
				48E87FD528293E4000527FAF /* Assets.xcassets */,
				48E87FD728293E4000527FAF /* LaunchScreen.storyboard */,
				48E87FDA28293E4000527FAF /* Info.plist */,
			);
			path = CGPracticeApp;
			sourceTree = "<group>";
		};
		48E87FE128293E5A00527FAF /* CustomView */ = {
			isa = PBXGroup;
			children = (
				48E87FE228293E8C00527FAF /* CustomView.swift */,
			);
			path = CustomView;
			sourceTree = "<group>";
		};
/* End PBXGroup section */

/* Begin PBXNativeTarget section */
		48E87FC828293E3700527FAF /* CGPracticeApp */ = {
			isa = PBXNativeTarget;
			buildConfigurationList = 48E87FDD28293E4000527FAF /* Build configuration list for PBXNativeTarget "CGPracticeApp" */;
			buildPhases = (
				F0C0EBC990AE25A33E4F053A /* [CP] Check Pods Manifest.lock */,
				48E87FC528293E3700527FAF /* Sources */,
				48E87FC628293E3700527FAF /* Frameworks */,
				48E87FC728293E3700527FAF /* Resources */,
				083118B180A9D1D9451DED7E /* [CP] Embed Pods Frameworks */,
			);
			buildRules = (
			);
			dependencies = (
			);
			name = CGPracticeApp;
			productName = CGPracticeApp;
			productReference = 48E87FC928293E3700527FAF /* CGPracticeApp.app */;
			productType = "com.apple.product-type.application";
		};
/* End PBXNativeTarget section */

/* Begin PBXProject section */
		48E87FC128293E3700527FAF /* Project object */ = {
			isa = PBXProject;
			attributes = {
				LastSwiftUpdateCheck = 1240;
				LastUpgradeCheck = 1240;
				TargetAttributes = {
					48E87FC828293E3700527FAF = {
						CreatedOnToolsVersion = 12.4;
					};
				};
			};
			buildConfigurationList = 48E87FC428293E3700527FAF /* Build configuration list for PBXProject "CGPracticeApp" */;
			compatibilityVersion = "Xcode 9.3";
			developmentRegion = en;
			hasScannedForEncodings = 0;
			knownRegions = (
				en,
				Base,
			);
			mainGroup = 48E87FC028293E3700527FAF;
			productRefGroup = 48E87FCA28293E3700527FAF /* Products */;
			projectDirPath = "";
			projectRoot = "";
			targets = (
				48E87FC828293E3700527FAF /* CGPracticeApp */,
			);
		};
/* End PBXProject section */

/* Begin PBXResourcesBuildPhase section */
		48E87FC728293E3700527FAF /* Resources */ = {
			isa = PBXResourcesBuildPhase;
			buildActionMask = 2147483647;
			files = (
				48E87FD928293E4000527FAF /* LaunchScreen.storyboard in Resources */,
				48E87FD628293E4000527FAF /* Assets.xcassets in Resources */,
				48E87FD428293E3700527FAF /* Main.storyboard in Resources */,
			);
			runOnlyForDeploymentPostprocessing = 0;
		};
/* End PBXResourcesBuildPhase section */

/* Begin PBXShellScriptBuildPhase section */
		083118B180A9D1D9451DED7E /* [CP] Embed Pods Frameworks */ = {
			isa = PBXShellScriptBuildPhase;
			buildActionMask = 2147483647;
			files = (
			);
			inputFileListPaths = (
				"${PODS_ROOT}/Target Support Files/Pods-CGPracticeApp/Pods-CGPracticeApp-frameworks-${CONFIGURATION}-input-files.xcfilelist",
			);
			name = "[CP] Embed Pods Frameworks";
			outputFileListPaths = (
				"${PODS_ROOT}/Target Support Files/Pods-CGPracticeApp/Pods-CGPracticeApp-frameworks-${CONFIGURATION}-output-files.xcfilelist",
			);
			runOnlyForDeploymentPostprocessing = 0;
			shellPath = /bin/sh;
			shellScript = "\"${PODS_ROOT}/Target Support Files/Pods-CGPracticeApp/Pods-CGPracticeApp-frameworks.sh\"\n";
			showEnvVarsInLog = 0;
		};
		F0C0EBC990AE25A33E4F053A /* [CP] Check Pods Manifest.lock */ = {
			isa = PBXShellScriptBuildPhase;
			buildActionMask = 2147483647;
			files = (
			);
			inputFileListPaths = (
			);
			inputPaths = (
				"${PODS_PODFILE_DIR_PATH}/Podfile.lock",
				"${PODS_ROOT}/Manifest.lock",
			);
			name = "[CP] Check Pods Manifest.lock";
			outputFileListPaths = (
			);
			outputPaths = (
				"$(DERIVED_FILE_DIR)/Pods-CGPracticeApp-checkManifestLockResult.txt",
			);
			runOnlyForDeploymentPostprocessing = 0;
			shellPath = /bin/sh;
			shellScript = "diff \"${PODS_PODFILE_DIR_PATH}/Podfile.lock\" \"${PODS_ROOT}/Manifest.lock\" > /dev/null\nif [ $? != 0 ] ; then\n    # print error to STDERR\n    echo \"error: The sandbox is not in sync with the Podfile.lock. Run 'pod install' or update your CocoaPods installation.\" >&2\n    exit 1\nfi\n# This output is used by Xcode 'outputs' to avoid re-running this script phase.\necho \"SUCCESS\" > \"${SCRIPT_OUTPUT_FILE_0}\"\n";
			showEnvVarsInLog = 0;
		};
/* End PBXShellScriptBuildPhase section */

/* Begin PBXSourcesBuildPhase section */
		48E87FC528293E3700527FAF /* Sources */ = {
			isa = PBXSourcesBuildPhase;
			buildActionMask = 2147483647;
			files = (
				48E87FD128293E3700527FAF /* ViewController.swift in Sources */,
				48E87FE328293E8C00527FAF /* CustomView.swift in Sources */,
				48E87FCD28293E3700527FAF /* AppDelegate.swift in Sources */,
				48E87FCF28293E3700527FAF /* SceneDelegate.swift in Sources */,
			);
			runOnlyForDeploymentPostprocessing = 0;
		};
/* End PBXSourcesBuildPhase section */

/* Begin PBXVariantGroup section */
		48E87FD228293E3700527FAF /* Main.storyboard */ = {
			isa = PBXVariantGroup;
			children = (
				48E87FD328293E3700527FAF /* Base */,
			);
			name = Main.storyboard;
			sourceTree = "<group>";
		};
		48E87FD728293E4000527FAF /* LaunchScreen.storyboard */ = {
			isa = PBXVariantGroup;
			children = (
				48E87FD828293E4000527FAF /* Base */,
			);
			name = LaunchScreen.storyboard;
			sourceTree = "<group>";
		};
/* End PBXVariantGroup section */

/* Begin XCBuildConfiguration section */
		48E87FDB28293E4000527FAF /* Debug */ = {
			isa = XCBuildConfiguration;
			buildSettings = {
				ALWAYS_SEARCH_USER_PATHS = NO;
				CLANG_ANALYZER_NONNULL = YES;
				CLANG_ANALYZER_NUMBER_OBJECT_CONVERSION = YES_AGGRESSIVE;
				CLANG_CXX_LANGUAGE_STANDARD = "gnu++14";
				CLANG_CXX_LIBRARY = "libc++";
				CLANG_ENABLE_MODULES = YES;
				CLANG_ENABLE_OBJC_ARC = YES;
				CLANG_ENABLE_OBJC_WEAK = YES;
				CLANG_WARN_BLOCK_CAPTURE_AUTORELEASING = YES;
				CLANG_WARN_BOOL_CONVERSION = YES;
				CLANG_WARN_COMMA = YES;
				CLANG_WARN_CONSTANT_CONVERSION = YES;
				CLANG_WARN_DEPRECATED_OBJC_IMPLEMENTATIONS = YES;
				CLANG_WARN_DIRECT_OBJC_ISA_USAGE = YES_ERROR;
				CLANG_WARN_DOCUMENTATION_COMMENTS = YES;
				CLANG_WARN_EMPTY_BODY = YES;
				CLANG_WARN_ENUM_CONVERSION = YES;
				CLANG_WARN_INFINITE_RECURSION = YES;
				CLANG_WARN_INT_CONVERSION = YES;
				CLANG_WARN_NON_LITERAL_NULL_CONVERSION = YES;
				CLANG_WARN_OBJC_IMPLICIT_RETAIN_SELF = YES;
				CLANG_WARN_OBJC_LITERAL_CONVERSION = YES;
				CLANG_WARN_OBJC_ROOT_CLASS = YES_ERROR;
				CLANG_WARN_QUOTED_INCLUDE_IN_FRAMEWORK_HEADER = YES;
				CLANG_WARN_RANGE_LOOP_ANALYSIS = YES;
				CLANG_WARN_STRICT_PROTOTYPES = YES;
				CLANG_WARN_SUSPICIOUS_MOVE = YES;
				CLANG_WARN_UNGUARDED_AVAILABILITY = YES_AGGRESSIVE;
				CLANG_WARN_UNREACHABLE_CODE = YES;
				CLANG_WARN__DUPLICATE_METHOD_MATCH = YES;
				COPY_PHASE_STRIP = NO;
				DEBUG_INFORMATION_FORMAT = dwarf;
				ENABLE_STRICT_OBJC_MSGSEND = YES;
				ENABLE_TESTABILITY = YES;
				GCC_C_LANGUAGE_STANDARD = gnu11;
				GCC_DYNAMIC_NO_PIC = NO;
				GCC_NO_COMMON_BLOCKS = YES;
				GCC_OPTIMIZATION_LEVEL = 0;
				GCC_PREPROCESSOR_DEFINITIONS = (
					"DEBUG=1",
					"$(inherited)",
				);
				GCC_WARN_64_TO_32_BIT_CONVERSION = YES;
				GCC_WARN_ABOUT_RETURN_TYPE = YES_ERROR;
				GCC_WARN_UNDECLARED_SELECTOR = YES;
				GCC_WARN_UNINITIALIZED_AUTOS = YES_AGGRESSIVE;
				GCC_WARN_UNUSED_FUNCTION = YES;
				GCC_WARN_UNUSED_VARIABLE = YES;
				IPHONEOS_DEPLOYMENT_TARGET = 14.4;
				MTL_ENABLE_DEBUG_INFO = INCLUDE_SOURCE;
				MTL_FAST_MATH = YES;
				ONLY_ACTIVE_ARCH = YES;
				SDKROOT = iphoneos;
				SWIFT_ACTIVE_COMPILATION_CONDITIONS = DEBUG;
				SWIFT_OPTIMIZATION_LEVEL = "-Onone";
			};
			name = Debug;
		};
		48E87FDC28293E4000527FAF /* Release */ = {
			isa = XCBuildConfiguration;
			buildSettings = {
				ALWAYS_SEARCH_USER_PATHS = NO;
				CLANG_ANALYZER_NONNULL = YES;
				CLANG_ANALYZER_NUMBER_OBJECT_CONVERSION = YES_AGGRESSIVE;
				CLANG_CXX_LANGUAGE_STANDARD = "gnu++14";
				CLANG_CXX_LIBRARY = "libc++";
				CLANG_ENABLE_MODULES = YES;
				CLANG_ENABLE_OBJC_ARC = YES;
				CLANG_ENABLE_OBJC_WEAK = YES;
				CLANG_WARN_BLOCK_CAPTURE_AUTORELEASING = YES;
				CLANG_WARN_BOOL_CONVERSION = YES;
				CLANG_WARN_COMMA = YES;
				CLANG_WARN_CONSTANT_CONVERSION = YES;
				CLANG_WARN_DEPRECATED_OBJC_IMPLEMENTATIONS = YES;
				CLANG_WARN_DIRECT_OBJC_ISA_USAGE = YES_ERROR;
				CLANG_WARN_DOCUMENTATION_COMMENTS = YES;
				CLANG_WARN_EMPTY_BODY = YES;
				CLANG_WARN_ENUM_CONVERSION = YES;
				CLANG_WARN_INFINITE_RECURSION = YES;
				CLANG_WARN_INT_CONVERSION = YES;
				CLANG_WARN_NON_LITERAL_NULL_CONVERSION = YES;
				CLANG_WARN_OBJC_IMPLICIT_RETAIN_SELF = YES;
				CLANG_WARN_OBJC_LITERAL_CONVERSION = YES;
				CLANG_WARN_OBJC_ROOT_CLASS = YES_ERROR;
				CLANG_WARN_QUOTED_INCLUDE_IN_FRAMEWORK_HEADER = YES;
				CLANG_WARN_RANGE_LOOP_ANALYSIS = YES;
				CLANG_WARN_STRICT_PROTOTYPES = YES;
				CLANG_WARN_SUSPICIOUS_MOVE = YES;
				CLANG_WARN_UNGUARDED_AVAILABILITY = YES_AGGRESSIVE;
				CLANG_WARN_UNREACHABLE_CODE = YES;
				CLANG_WARN__DUPLICATE_METHOD_MATCH = YES;
				COPY_PHASE_STRIP = NO;
				DEBUG_INFORMATION_FORMAT = "dwarf-with-dsym";
				ENABLE_NS_ASSERTIONS = NO;
				ENABLE_STRICT_OBJC_MSGSEND = YES;
				GCC_C_LANGUAGE_STANDARD = gnu11;
				GCC_NO_COMMON_BLOCKS = YES;
				GCC_WARN_64_TO_32_BIT_CONVERSION = YES;
				GCC_WARN_ABOUT_RETURN_TYPE = YES_ERROR;
				GCC_WARN_UNDECLARED_SELECTOR = YES;
				GCC_WARN_UNINITIALIZED_AUTOS = YES_AGGRESSIVE;
				GCC_WARN_UNUSED_FUNCTION = YES;
				GCC_WARN_UNUSED_VARIABLE = YES;
				IPHONEOS_DEPLOYMENT_TARGET = 14.4;
				MTL_ENABLE_DEBUG_INFO = NO;
				MTL_FAST_MATH = YES;
				SDKROOT = iphoneos;
				SWIFT_COMPILATION_MODE = wholemodule;
				SWIFT_OPTIMIZATION_LEVEL = "-O";
				VALIDATE_PRODUCT = YES;
			};
			name = Release;
		};
		48E87FDE28293E4000527FAF /* Debug */ = {
			isa = XCBuildConfiguration;
			baseConfigurationReference = 8519CFCBA3119CA8FA8C1273 /* Pods-CGPracticeApp.debug.xcconfig */;
			buildSettings = {
				ASSETCATALOG_COMPILER_APPICON_NAME = AppIcon;
				ASSETCATALOG_COMPILER_GLOBAL_ACCENT_COLOR_NAME = AccentColor;
				CODE_SIGN_STYLE = Automatic;
				INFOPLIST_FILE = CGPracticeApp/Info.plist;
				LD_RUNPATH_SEARCH_PATHS = (
					"$(inherited)",
					"@executable_path/Frameworks",
				);
				PRODUCT_BUNDLE_IDENTIFIER = com.CGPracticeApp;
				PRODUCT_NAME = "$(TARGET_NAME)";
				SWIFT_VERSION = 5.0;
				TARGETED_DEVICE_FAMILY = "1,2";
			};
			name = Debug;
		};
		48E87FDF28293E4000527FAF /* Release */ = {
			isa = XCBuildConfiguration;
			baseConfigurationReference = BD88AF79ECBEDEC6D51EFF70 /* Pods-CGPracticeApp.release.xcconfig */;
			buildSettings = {
				ASSETCATALOG_COMPILER_APPICON_NAME = AppIcon;
				ASSETCATALOG_COMPILER_GLOBAL_ACCENT_COLOR_NAME = AccentColor;
				CODE_SIGN_STYLE = Automatic;
				INFOPLIST_FILE = CGPracticeApp/Info.plist;
				LD_RUNPATH_SEARCH_PATHS = (
					"$(inherited)",
					"@executable_path/Frameworks",
				);
				PRODUCT_BUNDLE_IDENTIFIER = com.CGPracticeApp;
				PRODUCT_NAME = "$(TARGET_NAME)";
				SWIFT_VERSION = 5.0;
				TARGETED_DEVICE_FAMILY = "1,2";
			};
			name = Release;
		};
/* End XCBuildConfiguration section */

/* Begin XCConfigurationList section */
		48E87FC428293E3700527FAF /* Build configuration list for PBXProject "CGPracticeApp" */ = {
			isa = XCConfigurationList;
			buildConfigurations = (
				48E87FDB28293E4000527FAF /* Debug */,
				48E87FDC28293E4000527FAF /* Release */,
			);
			defaultConfigurationIsVisible = 0;
			defaultConfigurationName = Release;
		};
		48E87FDD28293E4000527FAF /* Build configuration list for PBXNativeTarget "CGPracticeApp" */ = {
			isa = XCConfigurationList;
			buildConfigurations = (
				48E87FDE28293E4000527FAF /* Debug */,
				48E87FDF28293E4000527FAF /* Release */,
			);
			defaultConfigurationIsVisible = 0;
			defaultConfigurationName = Release;
		};
/* End XCConfigurationList section */
	};
	rootObject = 48E87FC128293E3700527FAF /* Project object */;
}
